
Microsoft Visual Studio Solution File, Format Version 12.00
# Visual Studio Version 16
VisualStudioVersion = 16.0.33529.622
MinimumVisualStudioVersion = 10.0.40219.1
Project("{FAE04EC0-301F-11D3-BF4B-00C04F79EFBC}") = "Abstract_Override_drill", "Abstract_Override_drill.csproj", "{43632898-9FA9-44C1-A0C3-CC62E21450E1}"
EndProject
Global
	GlobalSection(SolutionConfigurationPlatforms) = preSolution
		Debug|Any CPU = Debug|Any CPU
		Release|Any CPU = Release|Any CPU
	EndGlobalSection
	GlobalSection(ProjectConfigurationPlatforms) = postSolution
		{43632898-9FA9-44C1-A0C3-CC62E21450E1}.Debug|Any CPU.ActiveCfg = Debug|Any CPU
		{43632898-9FA9-44C1-A0C3-CC62E21450E1}.Debug|Any CPU.Build.0 = Debug|Any CPU
		{43632898-9FA9-44C1-A0C3-CC62E21450E1}.Release|Any CPU.ActiveCfg = Release|Any CPU
		{43632898-9FA9-44C1-A0C3-CC62E21450E1}.Release|Any CPU.Build.0 = Release|Any CPU
	EndGlobalSection
	GlobalSection(SolutionProperties) = preSolution
		HideSolutionNode = FALSE
	EndGlobalSection
	GlobalSection(ExtensibilityGlobals) = postSolution
		SolutionGuid = {33F7D3C7-95F3-4256-A56A-E457E854B881}
	EndGlobalSection
EndGlobal
