
Microsoft Visual Studio Solution File, Format Version 12.00
# Visual Studio Version 16
VisualStudioVersion = 16.0.33801.447
MinimumVisualStudioVersion = 10.0.40219.1
Project("{FAE04EC0-301F-11D3-BF4B-00C04F79EFBC}") = "StudentsMVC_drill", "StudentsMVC_drill.csproj", "{3015ED45-E423-4611-9548-1746AC61F00A}"
EndProject
Global
	GlobalSection(SolutionConfigurationPlatforms) = preSolution
		Debug|Any CPU = Debug|Any CPU
		Release|Any CPU = Release|Any CPU
	EndGlobalSection
	GlobalSection(ProjectConfigurationPlatforms) = postSolution
		{3015ED45-E423-4611-9548-1746AC61F00A}.Debug|Any CPU.ActiveCfg = Debug|Any CPU
		{3015ED45-E423-4611-9548-1746AC61F00A}.Debug|Any CPU.Build.0 = Debug|Any CPU
		{3015ED45-E423-4611-9548-1746AC61F00A}.Release|Any CPU.ActiveCfg = Release|Any CPU
		{3015ED45-E423-4611-9548-1746AC61F00A}.Release|Any CPU.Build.0 = Release|Any CPU
	EndGlobalSection
	GlobalSection(SolutionProperties) = preSolution
		HideSolutionNode = FALSE
	EndGlobalSection
	GlobalSection(ExtensibilityGlobals) = postSolution
		SolutionGuid = {B8B303A7-274E-46EA-BF6A-0AC2FB78D6FC}
	EndGlobalSection
EndGlobal
