
Microsoft Visual Studio Solution File, Format Version 12.00
# Visual Studio Version 16
VisualStudioVersion = 16.0.33529.622
MinimumVisualStudioVersion = 10.0.40219.1
Project("{FAE04EC0-301F-11D3-BF4B-00C04F79EFBC}") = "Three_methods_drill", "Three_methods_drill.csproj", "{F02CB1BA-B484-4C28-B45B-7A8109EBC84E}"
EndProject
Global
	GlobalSection(SolutionConfigurationPlatforms) = preSolution
		Debug|Any CPU = Debug|Any CPU
		Release|Any CPU = Release|Any CPU
	EndGlobalSection
	GlobalSection(ProjectConfigurationPlatforms) = postSolution
		{F02CB1BA-B484-4C28-B45B-7A8109EBC84E}.Debug|Any CPU.ActiveCfg = Debug|Any CPU
		{F02CB1BA-B484-4C28-B45B-7A8109EBC84E}.Debug|Any CPU.Build.0 = Debug|Any CPU
		{F02CB1BA-B484-4C28-B45B-7A8109EBC84E}.Release|Any CPU.ActiveCfg = Release|Any CPU
		{F02CB1BA-B484-4C28-B45B-7A8109EBC84E}.Release|Any CPU.Build.0 = Release|Any CPU
	EndGlobalSection
	GlobalSection(SolutionProperties) = preSolution
		HideSolutionNode = FALSE
	EndGlobalSection
	GlobalSection(ExtensibilityGlobals) = postSolution
		SolutionGuid = {C01568D2-1099-433D-9F4E-6B022B0663C3}
	EndGlobalSection
EndGlobal
